
Microsoft Visual Studio Solution File, Format Version 12.00
# Visual Studio 15
VisualStudioVersion = 15.0.28010.2036
MinimumVisualStudioVersion = 10.0.40219.1
Project("{FAE04EC0-301F-11D3-BF4B-00C04F79EFBC}") = "Exercises", "ConsoleApp1\Exercises.csproj", "{239AB5B8-0AE1-4BD2-8E60-7748CCBF85ED}"
EndProject
Global
	GlobalSection(SolutionConfigurationPlatforms) = preSolution
		Debug|Any CPU = Debug|Any CPU
		Release|Any CPU = Release|Any CPU
	EndGlobalSection
	GlobalSection(ProjectConfigurationPlatforms) = postSolution
		{239AB5B8-0AE1-4BD2-8E60-7748CCBF85ED}.Debug|Any CPU.ActiveCfg = Debug|Any CPU
		{239AB5B8-0AE1-4BD2-8E60-7748CCBF85ED}.Debug|Any CPU.Build.0 = Debug|Any CPU
		{239AB5B8-0AE1-4BD2-8E60-7748CCBF85ED}.Release|Any CPU.ActiveCfg = Release|Any CPU
		{239AB5B8-0AE1-4BD2-8E60-7748CCBF85ED}.Release|Any CPU.Build.0 = Release|Any CPU
	EndGlobalSection
	GlobalSection(SolutionProperties) = preSolution
		HideSolutionNode = FALSE
	EndGlobalSection
	GlobalSection(ExtensibilityGlobals) = postSolution
		SolutionGuid = {915C0B1D-FC8C-4CB8-96F1-2DA79DD245F1}
	EndGlobalSection
EndGlobal
